
Microsoft Visual Studio Solution File, Format Version 12.00
# Visual Studio 15
VisualStudioVersion = 15.0.28307.421
MinimumVisualStudioVersion = 10.0.40219.1
Project("{FAE04EC0-301F-11D3-BF4B-00C04F79EFBC}") = "RealtimeArcGisSimulator", "RealtimeArcGisSimulator\RealtimeArcGisSimulator.csproj", "{7E032414-D3FB-4EBE-8C7F-2FB01C9CDEC3}"
EndProject
Global
	GlobalSection(SolutionConfigurationPlatforms) = preSolution
		Debug|Any CPU = Debug|Any CPU
		Release|Any CPU = Release|Any CPU
	EndGlobalSection
	GlobalSection(ProjectConfigurationPlatforms) = postSolution
		{7E032414-D3FB-4EBE-8C7F-2FB01C9CDEC3}.Debug|Any CPU.ActiveCfg = Debug|Any CPU
		{7E032414-D3FB-4EBE-8C7F-2FB01C9CDEC3}.Debug|Any CPU.Build.0 = Debug|Any CPU
		{7E032414-D3FB-4EBE-8C7F-2FB01C9CDEC3}.Release|Any CPU.ActiveCfg = Release|Any CPU
		{7E032414-D3FB-4EBE-8C7F-2FB01C9CDEC3}.Release|Any CPU.Build.0 = Release|Any CPU
	EndGlobalSection
	GlobalSection(SolutionProperties) = preSolution
		HideSolutionNode = FALSE
	EndGlobalSection
	GlobalSection(ExtensibilityGlobals) = postSolution
		SolutionGuid = {E522D03D-30E0-437B-BCB6-7CA8A81242AF}
	EndGlobalSection
EndGlobal
